// !$*UTF8*$!
{
	archiveVersion = 1;
	classes = {
	};
	objectVersion = 46;
	objects = {

/* Begin PBXBuildFile section */
		55A49E4B1F0E80170090C28C /* main.m in Sources */ = {isa = PBXBuildFile; fileRef = 55A49E4A1F0E80170090C28C /* main.m */; };
		55A49E4E1F0E80170090C28C /* AppDelegate.m in Sources */ = {isa = PBXBuildFile; fileRef = 55A49E4D1F0E80170090C28C /* AppDelegate.m */; };
		55A49E511F0E80170090C28C /* ViewController.m in Sources */ = {isa = PBXBuildFile; fileRef = 55A49E501F0E80170090C28C /* ViewController.m */; };
		55A49E541F0E80170090C28C /* Main.storyboard in Resources */ = {isa = PBXBuildFile; fileRef = 55A49E521F0E80170090C28C /* Main.storyboard */; };
		55A49E561F0E80170090C28C /* Assets.xcassets in Resources */ = {isa = PBXBuildFile; fileRef = 55A49E551F0E80170090C28C /* Assets.xcassets */; };
		55A49E591F0E80170090C28C /* LaunchScreen.storyboard in Resources */ = {isa = PBXBuildFile; fileRef = 55A49E571F0E80170090C28C /* LaunchScreen.storyboard */; };
		55A49E631F0E80450090C28C /* APIManager.m in Sources */ = {isa = PBXBuildFile; fileRef = 55A49E621F0E80450090C28C /* APIManager.m */; };
/* End PBXBuildFile section */

/* Begin PBXFileReference section */
		55A49E461F0E80170090C28C /* TaipeiPark.app */ = {isa = PBXFileReference; explicitFileType = wrapper.application; includeInIndex = 0; path = TaipeiPark.app; sourceTree = BUILT_PRODUCTS_DIR; };
		55A49E4A1F0E80170090C28C /* main.m */ = {isa = PBXFileReference; lastKnownFileType = sourcecode.c.objc; path = main.m; sourceTree = "<group>"; };
		55A49E4C1F0E80170090C28C /* AppDelegate.h */ = {isa = PBXFileReference; lastKnownFileType = sourcecode.c.h; path = AppDelegate.h; sourceTree = "<group>"; };
		55A49E4D1F0E80170090C28C /* AppDelegate.m */ = {isa = PBXFileReference; lastKnownFileType = sourcecode.c.objc; path = AppDelegate.m; sourceTree = "<group>"; };
		55A49E4F1F0E80170090C28C /* ViewController.h */ = {isa = PBXFileReference; lastKnownFileType = sourcecode.c.h; path = ViewController.h; sourceTree = "<group>"; };
		55A49E501F0E80170090C28C /* ViewController.m */ = {isa = PBXFileReference; lastKnownFileType = sourcecode.c.objc; path = ViewController.m; sourceTree = "<group>"; };
		55A49E531F0E80170090C28C /* Base */ = {isa = PBXFileReference; lastKnownFileType = file.storyboard; name = Base; path = Base.lproj/Main.storyboard; sourceTree = "<group>"; };
		55A49E551F0E80170090C28C /* Assets.xcassets */ = {isa = PBXFileReference; lastKnownFileType = folder.assetcatalog; path = Assets.xcassets; sourceTree = "<group>"; };
		55A49E581F0E80170090C28C /* Base */ = {isa = PBXFileReference; lastKnownFileType = file.storyboard; name = Base; path = Base.lproj/LaunchScreen.storyboard; sourceTree = "<group>"; };
		55A49E5A1F0E80170090C28C /* Info.plist */ = {isa = PBXFileReference; lastKnownFileType = text.plist.xml; path = Info.plist; sourceTree = "<group>"; };
		55A49E611F0E80450090C28C /* APIManager.h */ = {isa = PBXFileReference; fileEncoding = 4; lastKnownFileType = sourcecode.c.h; name = APIManager.h; path = Manager/APIManager.h; sourceTree = "<group>"; };
		55A49E621F0E80450090C28C /* APIManager.m */ = {isa = PBXFileReference; fileEncoding = 4; lastKnownFileType = sourcecode.c.objc; name = APIManager.m; path = Manager/APIManager.m; sourceTree = "<group>"; };
/* End PBXFileReference section */

/* Begin PBXFrameworksBuildPhase section */
		55A49E431F0E80170090C28C /* Frameworks */ = {
			isa = PBXFrameworksBuildPhase;
			buildActionMask = 2147483647;
			files = (
			);
			runOnlyForDeploymentPostprocessing = 0;
		};
/* End PBXFrameworksBuildPhase section */

/* Begin PBXGroup section */
		55A49E3D1F0E80170090C28C = {
			isa = PBXGroup;
			children = (
				55A49E481F0E80170090C28C /* TaipeiPark */,
				55A49E471F0E80170090C28C /* Products */,
			);
			sourceTree = "<group>";
		};
		55A49E471F0E80170090C28C /* Products */ = {
			isa = PBXGroup;
			children = (
				55A49E461F0E80170090C28C /* TaipeiPark.app */,
			);
			name = Products;
			sourceTree = "<group>";
		};
		55A49E481F0E80170090C28C /* TaipeiPark */ = {
			isa = PBXGroup;
			children = (
				55A49E651F0E85CB0090C28C /* Model */,
				55A49E601F0E80270090C28C /* Manager */,
				55A49E4C1F0E80170090C28C /* AppDelegate.h */,
				55A49E4D1F0E80170090C28C /* AppDelegate.m */,
				55A49E4F1F0E80170090C28C /* ViewController.h */,
				55A49E501F0E80170090C28C /* ViewController.m */,
				55A49E521F0E80170090C28C /* Main.storyboard */,
				55A49E551F0E80170090C28C /* Assets.xcassets */,
				55A49E571F0E80170090C28C /* LaunchScreen.storyboard */,
				55A49E5A1F0E80170090C28C /* Info.plist */,
				55A49E491F0E80170090C28C /* Supporting Files */,
			);
			path = TaipeiPark;
			sourceTree = "<group>";
		};
		55A49E491F0E80170090C28C /* Supporting Files */ = {
			isa = PBXGroup;
			children = (
				55A49E4A1F0E80170090C28C /* main.m */,
			);
			name = "Supporting Files";
			sourceTree = "<group>";
		};
		55A49E601F0E80270090C28C /* Manager */ = {
			isa = PBXGroup;
			children = (
				55A49E611F0E80450090C28C /* APIManager.h */,
				55A49E621F0E80450090C28C /* APIManager.m */,
			);
			name = Manager;
			sourceTree = "<group>";
		};
		55A49E651F0E85CB0090C28C /* Model */ = {
			isa = PBXGroup;
			children = (
			);
			name = Model;
			sourceTree = "<group>";
		};
/* End PBXGroup section */

/* Begin PBXNativeTarget section */
		55A49E451F0E80170090C28C /* TaipeiPark */ = {
			isa = PBXNativeTarget;
			buildConfigurationList = 55A49E5D1F0E80170090C28C /* Build configuration list for PBXNativeTarget "TaipeiPark" */;
			buildPhases = (
				55A49E421F0E80170090C28C /* Sources */,
				55A49E431F0E80170090C28C /* Frameworks */,
				55A49E441F0E80170090C28C /* Resources */,
			);
			buildRules = (
			);
			dependencies = (
			);
			name = TaipeiPark;
			productName = TaipeiPark;
			productReference = 55A49E461F0E80170090C28C /* TaipeiPark.app */;
			productType = "com.apple.product-type.application";
		};
/* End PBXNativeTarget section */

/* Begin PBXProject section */
		55A49E3E1F0E80170090C28C /* Project object */ = {
			isa = PBXProject;
			attributes = {
				LastUpgradeCheck = 0830;
				ORGANIZATIONNAME = TaipeiData;
				TargetAttributes = {
					55A49E451F0E80170090C28C = {
						CreatedOnToolsVersion = 8.3.3;
						DevelopmentTeam = DSBC7K7GU4;
						ProvisioningStyle = Automatic;
					};
				};
			};
			buildConfigurationList = 55A49E411F0E80170090C28C /* Build configuration list for PBXProject "TaipeiPark" */;
			compatibilityVersion = "Xcode 3.2";
			developmentRegion = English;
			hasScannedForEncodings = 0;
			knownRegions = (
				en,
				Base,
			);
			mainGroup = 55A49E3D1F0E80170090C28C;
			productRefGroup = 55A49E471F0E80170090C28C /* Products */;
			projectDirPath = "";
			projectRoot = "";
			targets = (
				55A49E451F0E80170090C28C /* TaipeiPark */,
			);
		};
/* End PBXProject section */

/* Begin PBXResourcesBuildPhase section */
		55A49E441F0E80170090C28C /* Resources */ = {
			isa = PBXResourcesBuildPhase;
			buildActionMask = 2147483647;
			files = (
				55A49E591F0E80170090C28C /* LaunchScreen.storyboard in Resources */,
				55A49E561F0E80170090C28C /* Assets.xcassets in Resources */,
				55A49E541F0E80170090C28C /* Main.storyboard in Resources */,
			);
			runOnlyForDeploymentPostprocessing = 0;
		};
/* End PBXResourcesBuildPhase section */

/* Begin PBXSourcesBuildPhase section */
		55A49E421F0E80170090C28C /* Sources */ = {
			isa = PBXSourcesBuildPhase;
			buildActionMask = 2147483647;
			files = (
				55A49E631F0E80450090C28C /* APIManager.m in Sources */,
				55A49E511F0E80170090C28C /* ViewController.m in Sources */,
				55A49E4E1F0E80170090C28C /* AppDelegate.m in Sources */,
				55A49E4B1F0E80170090C28C /* main.m in Sources */,
			);
			runOnlyForDeploymentPostprocessing = 0;
		};
/* End PBXSourcesBuildPhase section */

/* Begin PBXVariantGroup section */
		55A49E521F0E80170090C28C /* Main.storyboard */ = {
			isa = PBXVariantGroup;
			children = (
				55A49E531F0E80170090C28C /* Base */,
			);
			name = Main.storyboard;
			sourceTree = "<group>";
		};
		55A49E571F0E80170090C28C /* LaunchScreen.storyboard */ = {
			isa = PBXVariantGroup;
			children = (
				55A49E581F0E80170090C28C /* Base */,
			);
			name = LaunchScreen.storyboard;
			sourceTree = "<group>";
		};
/* End PBXVariantGroup section */

/* Begin XCBuildConfiguration section */
		55A49E5B1F0E80170090C28C /* Debug */ = {
			isa = XCBuildConfiguration;
			buildSettings = {
				ALWAYS_SEARCH_USER_PATHS = NO;
				CLANG_ANALYZER_NONNULL = YES;
				CLANG_ANALYZER_NUMBER_OBJECT_CONVERSION = YES_AGGRESSIVE;
				CLANG_CXX_LANGUAGE_STANDARD = "gnu++0x";
				CLANG_CXX_LIBRARY = "libc++";
				CLANG_ENABLE_MODULES = YES;
				CLANG_ENABLE_OBJC_ARC = YES;
				CLANG_WARN_BOOL_CONVERSION = YES;
				CLANG_WARN_CONSTANT_CONVERSION = YES;
				CLANG_WARN_DIRECT_OBJC_ISA_USAGE = YES_ERROR;
				CLANG_WARN_DOCUMENTATION_COMMENTS = YES;
				CLANG_WARN_EMPTY_BODY = YES;
				CLANG_WARN_ENUM_CONVERSION = YES;
				CLANG_WARN_INFINITE_RECURSION = YES;
				CLANG_WARN_INT_CONVERSION = YES;
				CLANG_WARN_OBJC_ROOT_CLASS = YES_ERROR;
				CLANG_WARN_SUSPICIOUS_MOVE = YES;
				CLANG_WARN_UNREACHABLE_CODE = YES;
				CLANG_WARN__DUPLICATE_METHOD_MATCH = YES;
				"CODE_SIGN_IDENTITY[sdk=iphoneos*]" = "iPhone Developer";
				COPY_PHASE_STRIP = NO;
				DEBUG_INFORMATION_FORMAT = dwarf;
				ENABLE_STRICT_OBJC_MSGSEND = YES;
				ENABLE_TESTABILITY = YES;
				GCC_C_LANGUAGE_STANDARD = gnu99;
				GCC_DYNAMIC_NO_PIC = NO;
				GCC_NO_COMMON_BLOCKS = YES;
				GCC_OPTIMIZATION_LEVEL = 0;
				GCC_PREPROCESSOR_DEFINITIONS = (
					"DEBUG=1",
					"$(inherited)",
				);
				GCC_WARN_64_TO_32_BIT_CONVERSION = YES;
				GCC_WARN_ABOUT_RETURN_TYPE = YES_ERROR;
				GCC_WARN_UNDECLARED_SELECTOR = YES;
				GCC_WARN_UNINITIALIZED_AUTOS = YES_AGGRESSIVE;
				GCC_WARN_UNUSED_FUNCTION = YES;
				GCC_WARN_UNUSED_VARIABLE = YES;
				IPHONEOS_DEPLOYMENT_TARGET = 10.3;
				MTL_ENABLE_DEBUG_INFO = YES;
				ONLY_ACTIVE_ARCH = YES;
				SDKROOT = iphoneos;
			};
			name = Debug;
		};
		55A49E5C1F0E80170090C28C /* Release */ = {
			isa = XCBuildConfiguration;
			buildSettings = {
				ALWAYS_SEARCH_USER_PATHS = NO;
				CLANG_ANALYZER_NONNULL = YES;
				CLANG_ANALYZER_NUMBER_OBJECT_CONVERSION = YES_AGGRESSIVE;
				CLANG_CXX_LANGUAGE_STANDARD = "gnu++0x";
				CLANG_CXX_LIBRARY = "libc++";
				CLANG_ENABLE_MODULES = YES;
				CLANG_ENABLE_OBJC_ARC = YES;
				CLANG_WARN_BOOL_CONVERSION = YES;
				CLANG_WARN_CONSTANT_CONVERSION = YES;
				CLANG_WARN_DIRECT_OBJC_ISA_USAGE = YES_ERROR;
				CLANG_WARN_DOCUMENTATION_COMMENTS = YES;
				CLANG_WARN_EMPTY_BODY = YES;
				CLANG_WARN_ENUM_CONVERSION = YES;
				CLANG_WARN_INFINITE_RECURSION = YES;
				CLANG_WARN_INT_CONVERSION = YES;
				CLANG_WARN_OBJC_ROOT_CLASS = YES_ERROR;
				CLANG_WARN_SUSPICIOUS_MOVE = YES;
				CLANG_WARN_UNREACHABLE_CODE = YES;
				CLANG_WARN__DUPLICATE_METHOD_MATCH = YES;
				"CODE_SIGN_IDENTITY[sdk=iphoneos*]" = "iPhone Developer";
				COPY_PHASE_STRIP = NO;
				DEBUG_INFORMATION_FORMAT = "dwarf-with-dsym";
				ENABLE_NS_ASSERTIONS = NO;
				ENABLE_STRICT_OBJC_MSGSEND = YES;
				GCC_C_LANGUAGE_STANDARD = gnu99;
				GCC_NO_COMMON_BLOCKS = YES;
				GCC_WARN_64_TO_32_BIT_CONVERSION = YES;
				GCC_WARN_ABOUT_RETURN_TYPE = YES_ERROR;
				GCC_WARN_UNDECLARED_SELECTOR = YES;
				GCC_WARN_UNINITIALIZED_AUTOS = YES_AGGRESSIVE;
				GCC_WARN_UNUSED_FUNCTION = YES;
				GCC_WARN_UNUSED_VARIABLE = YES;
				IPHONEOS_DEPLOYMENT_TARGET = 10.3;
				MTL_ENABLE_DEBUG_INFO = NO;
				SDKROOT = iphoneos;
				VALIDATE_PRODUCT = YES;
			};
			name = Release;
		};
		55A49E5E1F0E80170090C28C /* Debug */ = {
			isa = XCBuildConfiguration;
			buildSettings = {
				ASSETCATALOG_COMPILER_APPICON_NAME = AppIcon;
				DEVELOPMENT_TEAM = DSBC7K7GU4;
				INFOPLIST_FILE = TaipeiPark/Info.plist;
				LD_RUNPATH_SEARCH_PATHS = "$(inherited) @executable_path/Frameworks";
				PRODUCT_BUNDLE_IDENTIFIER = com.Taipei.TaipeiPark;
				PRODUCT_NAME = "$(TARGET_NAME)";
			};
			name = Debug;
		};
		55A49E5F1F0E80170090C28C /* Release */ = {
			isa = XCBuildConfiguration;
			buildSettings = {
				ASSETCATALOG_COMPILER_APPICON_NAME = AppIcon;
				DEVELOPMENT_TEAM = DSBC7K7GU4;
				INFOPLIST_FILE = TaipeiPark/Info.plist;
				LD_RUNPATH_SEARCH_PATHS = "$(inherited) @executable_path/Frameworks";
				PRODUCT_BUNDLE_IDENTIFIER = com.Taipei.TaipeiPark;
				PRODUCT_NAME = "$(TARGET_NAME)";
			};
			name = Release;
		};
/* End XCBuildConfiguration section */

/* Begin XCConfigurationList section */
		55A49E411F0E80170090C28C /* Build configuration list for PBXProject "TaipeiPark" */ = {
			isa = XCConfigurationList;
			buildConfigurations = (
				55A49E5B1F0E80170090C28C /* Debug */,
				55A49E5C1F0E80170090C28C /* Release */,
			);
			defaultConfigurationIsVisible = 0;
			defaultConfigurationName = Release;
		};
		55A49E5D1F0E80170090C28C /* Build configuration list for PBXNativeTarget "TaipeiPark" */ = {
			isa = XCConfigurationList;
			buildConfigurations = (
				55A49E5E1F0E80170090C28C /* Debug */,
				55A49E5F1F0E80170090C28C /* Release */,
			);
			defaultConfigurationIsVisible = 0;
		};
/* End XCConfigurationList section */
	};
	rootObject = 55A49E3E1F0E80170090C28C /* Project object */;
}
